
Microsoft Visual Studio Solution File, Format Version 12.00
# Visual Studio Version 17
VisualStudioVersion = 17.4.33122.133
MinimumVisualStudioVersion = 10.0.40219.1
Project("{FAE04EC0-301F-11D3-BF4B-00C04F79EFBC}") = "user controls", "user controls\user controls.csproj", "{02E955A2-98A5-4317-B0AC-BE0DC4DF4569}"
EndProject
Global
	GlobalSection(SolutionConfigurationPlatforms) = preSolution
		Debug|Any CPU = Debug|Any CPU
		Release|Any CPU = Release|Any CPU
	EndGlobalSection
	GlobalSection(ProjectConfigurationPlatforms) = postSolution
		{02E955A2-98A5-4317-B0AC-BE0DC4DF4569}.Debug|Any CPU.ActiveCfg = Debug|Any CPU
		{02E955A2-98A5-4317-B0AC-BE0DC4DF4569}.Debug|Any CPU.Build.0 = Debug|Any CPU
		{02E955A2-98A5-4317-B0AC-BE0DC4DF4569}.Release|Any CPU.ActiveCfg = Release|Any CPU
		{02E955A2-98A5-4317-B0AC-BE0DC4DF4569}.Release|Any CPU.Build.0 = Release|Any CPU
	EndGlobalSection
	GlobalSection(SolutionProperties) = preSolution
		HideSolutionNode = FALSE
	EndGlobalSection
	GlobalSection(ExtensibilityGlobals) = postSolution
		SolutionGuid = {CD0FEEF4-37FE-4C9C-93BA-F27660867471}
	EndGlobalSection
EndGlobal
